
Microsoft Visual Studio Solution File, Format Version 12.00
# Visual Studio Version 16
VisualStudioVersion = 16.0.29509.3
MinimumVisualStudioVersion = 10.0.40219.1
Project("{9A19103F-16F7-4668-BE54-9A1E7A4F7556}") = "BearBlog", "BearBlog\BearBlog.csproj", "{FF583DC7-C95B-4149-936B-5E85EAB6602E}"
EndProject
Project("{FAE04EC0-301F-11D3-BF4B-00C04F79EFBC}") = "RestoreDatabase", "RestoreDatabase\RestoreDatabase.csproj", "{19B6CE98-4253-4AC0-86E0-8AC60E10707F}"
EndProject
Global
	GlobalSection(SolutionConfigurationPlatforms) = preSolution
		Debug|Any CPU = Debug|Any CPU
		Release|Any CPU = Release|Any CPU
	EndGlobalSection
	GlobalSection(ProjectConfigurationPlatforms) = postSolution
		{FF583DC7-C95B-4149-936B-5E85EAB6602E}.Debug|Any CPU.ActiveCfg = Debug|Any CPU
		{FF583DC7-C95B-4149-936B-5E85EAB6602E}.Debug|Any CPU.Build.0 = Debug|Any CPU
		{FF583DC7-C95B-4149-936B-5E85EAB6602E}.Release|Any CPU.ActiveCfg = Release|Any CPU
		{FF583DC7-C95B-4149-936B-5E85EAB6602E}.Release|Any CPU.Build.0 = Release|Any CPU
		{19B6CE98-4253-4AC0-86E0-8AC60E10707F}.Debug|Any CPU.ActiveCfg = Debug|Any CPU
		{19B6CE98-4253-4AC0-86E0-8AC60E10707F}.Debug|Any CPU.Build.0 = Debug|Any CPU
		{19B6CE98-4253-4AC0-86E0-8AC60E10707F}.Release|Any CPU.ActiveCfg = Release|Any CPU
		{19B6CE98-4253-4AC0-86E0-8AC60E10707F}.Release|Any CPU.Build.0 = Release|Any CPU
	EndGlobalSection
	GlobalSection(SolutionProperties) = preSolution
		HideSolutionNode = FALSE
	EndGlobalSection
	GlobalSection(ExtensibilityGlobals) = postSolution
		SolutionGuid = {2318A58A-45DE-4959-BBB7-EF1332E6B248}
	EndGlobalSection
EndGlobal
